// !$*UTF8*$!
{
	archiveVersion = 1;
	classes = {
	};
	objectVersion = 56;
	objects = {

/* Begin PBXBuildFile section */
		142BC0D82A0093EF0053A6D4 /* FilmAppApp.swift in Sources */ = {isa = PBXBuildFile; fileRef = 142BC0D72A0093EF0053A6D4 /* FilmAppApp.swift */; };
		142BC0DA2A0093EF0053A6D4 /* ContentView.swift in Sources */ = {isa = PBXBuildFile; fileRef = 142BC0D92A0093EF0053A6D4 /* ContentView.swift */; };
		142BC0DC2A0093F00053A6D4 /* Assets.xcassets in Resources */ = {isa = PBXBuildFile; fileRef = 142BC0DB2A0093F00053A6D4 /* Assets.xcassets */; };
		142BC0DF2A0093F00053A6D4 /* Preview Assets.xcassets in Resources */ = {isa = PBXBuildFile; fileRef = 142BC0DE2A0093F00053A6D4 /* Preview Assets.xcassets */; };
		142BC0ED2A0094390053A6D4 /* FilmService.swift in Sources */ = {isa = PBXBuildFile; fileRef = 142BC0EC2A0094390053A6D4 /* FilmService.swift */; };
		142BC0EF2A00946E0053A6D4 /* Film.swift in Sources */ = {isa = PBXBuildFile; fileRef = 142BC0EE2A00946E0053A6D4 /* Film.swift */; };
		142BC0F32A00965E0053A6D4 /* SearchFilmViewModel.swift in Sources */ = {isa = PBXBuildFile; fileRef = 142BC0F22A00965E0053A6D4 /* SearchFilmViewModel.swift */; };
		142BC0F72A0097E60053A6D4 /* FilmViewModel.swift in Sources */ = {isa = PBXBuildFile; fileRef = 142BC0F62A0097E60053A6D4 /* FilmViewModel.swift */; };
		142BC0F92A0098DF0053A6D4 /* ImageService.swift in Sources */ = {isa = PBXBuildFile; fileRef = 142BC0F82A0098DF0053A6D4 /* ImageService.swift */; };
		142BC0FB2A00B4D60053A6D4 /* ImageView.swift in Sources */ = {isa = PBXBuildFile; fileRef = 142BC0FA2A00B4D60053A6D4 /* ImageView.swift */; };
/* End PBXBuildFile section */

/* Begin PBXFileReference section */
		142BC0D42A0093EF0053A6D4 /* FilmApp.app */ = {isa = PBXFileReference; explicitFileType = wrapper.application; includeInIndex = 0; path = FilmApp.app; sourceTree = BUILT_PRODUCTS_DIR; };
		142BC0D72A0093EF0053A6D4 /* FilmAppApp.swift */ = {isa = PBXFileReference; lastKnownFileType = sourcecode.swift; path = FilmAppApp.swift; sourceTree = "<group>"; };
		142BC0D92A0093EF0053A6D4 /* ContentView.swift */ = {isa = PBXFileReference; lastKnownFileType = sourcecode.swift; path = ContentView.swift; sourceTree = "<group>"; };
		142BC0DB2A0093F00053A6D4 /* Assets.xcassets */ = {isa = PBXFileReference; lastKnownFileType = folder.assetcatalog; path = Assets.xcassets; sourceTree = "<group>"; };
		142BC0DE2A0093F00053A6D4 /* Preview Assets.xcassets */ = {isa = PBXFileReference; lastKnownFileType = folder.assetcatalog; path = "Preview Assets.xcassets"; sourceTree = "<group>"; };
		142BC0EC2A0094390053A6D4 /* FilmService.swift */ = {isa = PBXFileReference; lastKnownFileType = sourcecode.swift; path = FilmService.swift; sourceTree = "<group>"; };
		142BC0EE2A00946E0053A6D4 /* Film.swift */ = {isa = PBXFileReference; lastKnownFileType = sourcecode.swift; path = Film.swift; sourceTree = "<group>"; };
		142BC0F22A00965E0053A6D4 /* SearchFilmViewModel.swift */ = {isa = PBXFileReference; lastKnownFileType = sourcecode.swift; path = SearchFilmViewModel.swift; sourceTree = "<group>"; };
		142BC0F62A0097E60053A6D4 /* FilmViewModel.swift */ = {isa = PBXFileReference; lastKnownFileType = sourcecode.swift; path = FilmViewModel.swift; sourceTree = "<group>"; };
		142BC0F82A0098DF0053A6D4 /* ImageService.swift */ = {isa = PBXFileReference; lastKnownFileType = sourcecode.swift; path = ImageService.swift; sourceTree = "<group>"; };
		142BC0FA2A00B4D60053A6D4 /* ImageView.swift */ = {isa = PBXFileReference; lastKnownFileType = sourcecode.swift; path = ImageView.swift; sourceTree = "<group>"; };
/* End PBXFileReference section */

/* Begin PBXFrameworksBuildPhase section */
		142BC0D12A0093EF0053A6D4 /* Frameworks */ = {
			isa = PBXFrameworksBuildPhase;
			buildActionMask = 2147483647;
			files = (
			);
			runOnlyForDeploymentPostprocessing = 0;
		};
/* End PBXFrameworksBuildPhase section */

/* Begin PBXGroup section */
		142BC0CB2A0093EF0053A6D4 = {
			isa = PBXGroup;
			children = (
				142BC0D62A0093EF0053A6D4 /* FilmApp */,
				142BC0D52A0093EF0053A6D4 /* Products */,
			);
			sourceTree = "<group>";
		};
		142BC0D52A0093EF0053A6D4 /* Products */ = {
			isa = PBXGroup;
			children = (
				142BC0D42A0093EF0053A6D4 /* FilmApp.app */,
			);
			name = Products;
			sourceTree = "<group>";
		};
		142BC0D62A0093EF0053A6D4 /* FilmApp */ = {
			isa = PBXGroup;
			children = (
				142BC0E92A0094180053A6D4 /* ViewModels */,
				142BC0E82A00940F0053A6D4 /* Models */,
				142BC0E72A0094060053A6D4 /* Views */,
				142BC0E52A0093F70053A6D4 /* Services */,
				142BC0D72A0093EF0053A6D4 /* FilmAppApp.swift */,
				142BC0D92A0093EF0053A6D4 /* ContentView.swift */,
				142BC0DB2A0093F00053A6D4 /* Assets.xcassets */,
				142BC0DD2A0093F00053A6D4 /* Preview Content */,
			);
			path = FilmApp;
			sourceTree = "<group>";
		};
		142BC0DD2A0093F00053A6D4 /* Preview Content */ = {
			isa = PBXGroup;
			children = (
				142BC0DE2A0093F00053A6D4 /* Preview Assets.xcassets */,
			);
			path = "Preview Content";
			sourceTree = "<group>";
		};
		142BC0E52A0093F70053A6D4 /* Services */ = {
			isa = PBXGroup;
			children = (
				142BC0EC2A0094390053A6D4 /* FilmService.swift */,
				142BC0F82A0098DF0053A6D4 /* ImageService.swift */,
			);
			path = Services;
			sourceTree = "<group>";
		};
		142BC0E72A0094060053A6D4 /* Views */ = {
			isa = PBXGroup;
			children = (
				142BC0FA2A00B4D60053A6D4 /* ImageView.swift */,
			);
			path = Views;
			sourceTree = "<group>";
		};
		142BC0E82A00940F0053A6D4 /* Models */ = {
			isa = PBXGroup;
			children = (
				142BC0EE2A00946E0053A6D4 /* Film.swift */,
			);
			name = Models;
			sourceTree = "<group>";
		};
		142BC0E92A0094180053A6D4 /* ViewModels */ = {
			isa = PBXGroup;
			children = (
				142BC0F22A00965E0053A6D4 /* SearchFilmViewModel.swift */,
				142BC0F62A0097E60053A6D4 /* FilmViewModel.swift */,
			);
			path = ViewModels;
			sourceTree = "<group>";
		};
/* End PBXGroup section */

/* Begin PBXNativeTarget section */
		142BC0D32A0093EF0053A6D4 /* FilmApp */ = {
			isa = PBXNativeTarget;
			buildConfigurationList = 142BC0E22A0093F00053A6D4 /* Build configuration list for PBXNativeTarget "FilmApp" */;
			buildPhases = (
				142BC0D02A0093EF0053A6D4 /* Sources */,
				142BC0D12A0093EF0053A6D4 /* Frameworks */,
				142BC0D22A0093EF0053A6D4 /* Resources */,
			);
			buildRules = (
			);
			dependencies = (
			);
			name = FilmApp;
			productName = FilmApp;
			productReference = 142BC0D42A0093EF0053A6D4 /* FilmApp.app */;
			productType = "com.apple.product-type.application";
		};
/* End PBXNativeTarget section */

/* Begin PBXProject section */
		142BC0CC2A0093EF0053A6D4 /* Project object */ = {
			isa = PBXProject;
			attributes = {
				BuildIndependentTargetsInParallel = 1;
				LastSwiftUpdateCheck = 1420;
				LastUpgradeCheck = 1420;
				TargetAttributes = {
					142BC0D32A0093EF0053A6D4 = {
						CreatedOnToolsVersion = 14.2;
					};
				};
			};
			buildConfigurationList = 142BC0CF2A0093EF0053A6D4 /* Build configuration list for PBXProject "FilmApp" */;
			compatibilityVersion = "Xcode 14.0";
			developmentRegion = en;
			hasScannedForEncodings = 0;
			knownRegions = (
				en,
				Base,
			);
			mainGroup = 142BC0CB2A0093EF0053A6D4;
			productRefGroup = 142BC0D52A0093EF0053A6D4 /* Products */;
			projectDirPath = "";
			projectRoot = "";
			targets = (
				142BC0D32A0093EF0053A6D4 /* FilmApp */,
			);
		};
/* End PBXProject section */

/* Begin PBXResourcesBuildPhase section */
		142BC0D22A0093EF0053A6D4 /* Resources */ = {
			isa = PBXResourcesBuildPhase;
			buildActionMask = 2147483647;
			files = (
				142BC0DF2A0093F00053A6D4 /* Preview Assets.xcassets in Resources */,
				142BC0DC2A0093F00053A6D4 /* Assets.xcassets in Resources */,
			);
			runOnlyForDeploymentPostprocessing = 0;
		};
/* End PBXResourcesBuildPhase section */

/* Begin PBXSourcesBuildPhase section */
		142BC0D02A0093EF0053A6D4 /* Sources */ = {
			isa = PBXSourcesBuildPhase;
			buildActionMask = 2147483647;
			files = (
				142BC0FB2A00B4D60053A6D4 /* ImageView.swift in Sources */,
				142BC0F92A0098DF0053A6D4 /* ImageService.swift in Sources */,
				142BC0ED2A0094390053A6D4 /* FilmService.swift in Sources */,
				142BC0EF2A00946E0053A6D4 /* Film.swift in Sources */,
				142BC0DA2A0093EF0053A6D4 /* ContentView.swift in Sources */,
				142BC0F32A00965E0053A6D4 /* SearchFilmViewModel.swift in Sources */,
				142BC0D82A0093EF0053A6D4 /* FilmAppApp.swift in Sources */,
				142BC0F72A0097E60053A6D4 /* FilmViewModel.swift in Sources */,
			);
			runOnlyForDeploymentPostprocessing = 0;
		};
/* End PBXSourcesBuildPhase section */

/* Begin XCBuildConfiguration section */
		142BC0E02A0093F00053A6D4 /* Debug */ = {
			isa = XCBuildConfiguration;
			buildSettings = {
				ALWAYS_SEARCH_USER_PATHS = NO;
				CLANG_ANALYZER_NONNULL = YES;
				CLANG_ANALYZER_NUMBER_OBJECT_CONVERSION = YES_AGGRESSIVE;
				CLANG_CXX_LANGUAGE_STANDARD = "gnu++20";
				CLANG_ENABLE_MODULES = YES;
				CLANG_ENABLE_OBJC_ARC = YES;
				CLANG_ENABLE_OBJC_WEAK = YES;
				CLANG_WARN_BLOCK_CAPTURE_AUTORELEASING = YES;
				CLANG_WARN_BOOL_CONVERSION = YES;
				CLANG_WARN_COMMA = YES;
				CLANG_WARN_CONSTANT_CONVERSION = YES;
				CLANG_WARN_DEPRECATED_OBJC_IMPLEMENTATIONS = YES;
				CLANG_WARN_DIRECT_OBJC_ISA_USAGE = YES_ERROR;
				CLANG_WARN_DOCUMENTATION_COMMENTS = YES;
				CLANG_WARN_EMPTY_BODY = YES;
				CLANG_WARN_ENUM_CONVERSION = YES;
				CLANG_WARN_INFINITE_RECURSION = YES;
				CLANG_WARN_INT_CONVERSION = YES;
				CLANG_WARN_NON_LITERAL_NULL_CONVERSION = YES;
				CLANG_WARN_OBJC_IMPLICIT_RETAIN_SELF = YES;
				CLANG_WARN_OBJC_LITERAL_CONVERSION = YES;
				CLANG_WARN_OBJC_ROOT_CLASS = YES_ERROR;
				CLANG_WARN_QUOTED_INCLUDE_IN_FRAMEWORK_HEADER = YES;
				CLANG_WARN_RANGE_LOOP_ANALYSIS = YES;
				CLANG_WARN_STRICT_PROTOTYPES = YES;
				CLANG_WARN_SUSPICIOUS_MOVE = YES;
				CLANG_WARN_UNGUARDED_AVAILABILITY = YES_AGGRESSIVE;
				CLANG_WARN_UNREACHABLE_CODE = YES;
				CLANG_WARN__DUPLICATE_METHOD_MATCH = YES;
				COPY_PHASE_STRIP = NO;
				DEBUG_INFORMATION_FORMAT = dwarf;
				ENABLE_STRICT_OBJC_MSGSEND = YES;
				ENABLE_TESTABILITY = YES;
				GCC_C_LANGUAGE_STANDARD = gnu11;
				GCC_DYNAMIC_NO_PIC = NO;
				GCC_NO_COMMON_BLOCKS = YES;
				GCC_OPTIMIZATION_LEVEL = 0;
				GCC_PREPROCESSOR_DEFINITIONS = (
					"DEBUG=1",
					"$(inherited)",
				);
				GCC_WARN_64_TO_32_BIT_CONVERSION = YES;
				GCC_WARN_ABOUT_RETURN_TYPE = YES_ERROR;
				GCC_WARN_UNDECLARED_SELECTOR = YES;
				GCC_WARN_UNINITIALIZED_AUTOS = YES_AGGRESSIVE;
				GCC_WARN_UNUSED_FUNCTION = YES;
				GCC_WARN_UNUSED_VARIABLE = YES;
				IPHONEOS_DEPLOYMENT_TARGET = 16.2;
				MTL_ENABLE_DEBUG_INFO = INCLUDE_SOURCE;
				MTL_FAST_MATH = YES;
				ONLY_ACTIVE_ARCH = YES;
				SDKROOT = iphoneos;
				SWIFT_ACTIVE_COMPILATION_CONDITIONS = DEBUG;
				SWIFT_OPTIMIZATION_LEVEL = "-Onone";
			};
			name = Debug;
		};
		142BC0E12A0093F00053A6D4 /* Release */ = {
			isa = XCBuildConfiguration;
			buildSettings = {
				ALWAYS_SEARCH_USER_PATHS = NO;
				CLANG_ANALYZER_NONNULL = YES;
				CLANG_ANALYZER_NUMBER_OBJECT_CONVERSION = YES_AGGRESSIVE;
				CLANG_CXX_LANGUAGE_STANDARD = "gnu++20";
				CLANG_ENABLE_MODULES = YES;
				CLANG_ENABLE_OBJC_ARC = YES;
				CLANG_ENABLE_OBJC_WEAK = YES;
				CLANG_WARN_BLOCK_CAPTURE_AUTORELEASING = YES;
				CLANG_WARN_BOOL_CONVERSION = YES;
				CLANG_WARN_COMMA = YES;
				CLANG_WARN_CONSTANT_CONVERSION = YES;
				CLANG_WARN_DEPRECATED_OBJC_IMPLEMENTATIONS = YES;
				CLANG_WARN_DIRECT_OBJC_ISA_USAGE = YES_ERROR;
				CLANG_WARN_DOCUMENTATION_COMMENTS = YES;
				CLANG_WARN_EMPTY_BODY = YES;
				CLANG_WARN_ENUM_CONVERSION = YES;
				CLANG_WARN_INFINITE_RECURSION = YES;
				CLANG_WARN_INT_CONVERSION = YES;
				CLANG_WARN_NON_LITERAL_NULL_CONVERSION = YES;
				CLANG_WARN_OBJC_IMPLICIT_RETAIN_SELF = YES;
				CLANG_WARN_OBJC_LITERAL_CONVERSION = YES;
				CLANG_WARN_OBJC_ROOT_CLASS = YES_ERROR;
				CLANG_WARN_QUOTED_INCLUDE_IN_FRAMEWORK_HEADER = YES;
				CLANG_WARN_RANGE_LOOP_ANALYSIS = YES;
				CLANG_WARN_STRICT_PROTOTYPES = YES;
				CLANG_WARN_SUSPICIOUS_MOVE = YES;
				CLANG_WARN_UNGUARDED_AVAILABILITY = YES_AGGRESSIVE;
				CLANG_WARN_UNREACHABLE_CODE = YES;
				CLANG_WARN__DUPLICATE_METHOD_MATCH = YES;
				COPY_PHASE_STRIP = NO;
				DEBUG_INFORMATION_FORMAT = "dwarf-with-dsym";
				ENABLE_NS_ASSERTIONS = NO;
				ENABLE_STRICT_OBJC_MSGSEND = YES;
				GCC_C_LANGUAGE_STANDARD = gnu11;
				GCC_NO_COMMON_BLOCKS = YES;
				GCC_WARN_64_TO_32_BIT_CONVERSION = YES;
				GCC_WARN_ABOUT_RETURN_TYPE = YES_ERROR;
				GCC_WARN_UNDECLARED_SELECTOR = YES;
				GCC_WARN_UNINITIALIZED_AUTOS = YES_AGGRESSIVE;
				GCC_WARN_UNUSED_FUNCTION = YES;
				GCC_WARN_UNUSED_VARIABLE = YES;
				IPHONEOS_DEPLOYMENT_TARGET = 16.2;
				MTL_ENABLE_DEBUG_INFO = NO;
				MTL_FAST_MATH = YES;
				SDKROOT = iphoneos;
				SWIFT_COMPILATION_MODE = wholemodule;
				SWIFT_OPTIMIZATION_LEVEL = "-O";
				VALIDATE_PRODUCT = YES;
			};
			name = Release;
		};
		142BC0E32A0093F00053A6D4 /* Debug */ = {
			isa = XCBuildConfiguration;
			buildSettings = {
				ASSETCATALOG_COMPILER_APPICON_NAME = AppIcon;
				ASSETCATALOG_COMPILER_GLOBAL_ACCENT_COLOR_NAME = AccentColor;
				CODE_SIGN_STYLE = Automatic;
				CURRENT_PROJECT_VERSION = 1;
				DEVELOPMENT_ASSET_PATHS = "\"FilmApp/Preview Content\"";
				DEVELOPMENT_TEAM = Q247WY3MHA;
				ENABLE_PREVIEWS = YES;
				GENERATE_INFOPLIST_FILE = YES;
				INFOPLIST_KEY_UIApplicationSceneManifest_Generation = YES;
				INFOPLIST_KEY_UIApplicationSupportsIndirectInputEvents = YES;
				INFOPLIST_KEY_UILaunchScreen_Generation = YES;
				INFOPLIST_KEY_UISupportedInterfaceOrientations_iPad = "UIInterfaceOrientationPortrait UIInterfaceOrientationPortraitUpsideDown UIInterfaceOrientationLandscapeLeft UIInterfaceOrientationLandscapeRight";
				INFOPLIST_KEY_UISupportedInterfaceOrientations_iPhone = "UIInterfaceOrientationPortrait UIInterfaceOrientationLandscapeLeft UIInterfaceOrientationLandscapeRight";
				LD_RUNPATH_SEARCH_PATHS = (
					"$(inherited)",
					"@executable_path/Frameworks",
				);
				MARKETING_VERSION = 1.0;
				PRODUCT_BUNDLE_IDENTIFIER = com.salmdo.FilmApp;
				PRODUCT_NAME = "$(TARGET_NAME)";
				SWIFT_EMIT_LOC_STRINGS = YES;
				SWIFT_VERSION = 5.0;
				TARGETED_DEVICE_FAMILY = "1,2";
			};
			name = Debug;
		};
		142BC0E42A0093F00053A6D4 /* Release */ = {
			isa = XCBuildConfiguration;
			buildSettings = {
				ASSETCATALOG_COMPILER_APPICON_NAME = AppIcon;
				ASSETCATALOG_COMPILER_GLOBAL_ACCENT_COLOR_NAME = AccentColor;
				CODE_SIGN_STYLE = Automatic;
				CURRENT_PROJECT_VERSION = 1;
				DEVELOPMENT_ASSET_PATHS = "\"FilmApp/Preview Content\"";
				DEVELOPMENT_TEAM = Q247WY3MHA;
				ENABLE_PREVIEWS = YES;
				GENERATE_INFOPLIST_FILE = YES;
				INFOPLIST_KEY_UIApplicationSceneManifest_Generation = YES;
				INFOPLIST_KEY_UIApplicationSupportsIndirectInputEvents = YES;
				INFOPLIST_KEY_UILaunchScreen_Generation = YES;
				INFOPLIST_KEY_UISupportedInterfaceOrientations_iPad = "UIInterfaceOrientationPortrait UIInterfaceOrientationPortraitUpsideDown UIInterfaceOrientationLandscapeLeft UIInterfaceOrientationLandscapeRight";
				INFOPLIST_KEY_UISupportedInterfaceOrientations_iPhone = "UIInterfaceOrientationPortrait UIInterfaceOrientationLandscapeLeft UIInterfaceOrientationLandscapeRight";
				LD_RUNPATH_SEARCH_PATHS = (
					"$(inherited)",
					"@executable_path/Frameworks",
				);
				MARKETING_VERSION = 1.0;
				PRODUCT_BUNDLE_IDENTIFIER = com.salmdo.FilmApp;
				PRODUCT_NAME = "$(TARGET_NAME)";
				SWIFT_EMIT_LOC_STRINGS = YES;
				SWIFT_VERSION = 5.0;
				TARGETED_DEVICE_FAMILY = "1,2";
			};
			name = Release;
		};
/* End XCBuildConfiguration section */

/* Begin XCConfigurationList section */
		142BC0CF2A0093EF0053A6D4 /* Build configuration list for PBXProject "FilmApp" */ = {
			isa = XCConfigurationList;
			buildConfigurations = (
				142BC0E02A0093F00053A6D4 /* Debug */,
				142BC0E12A0093F00053A6D4 /* Release */,
			);
			defaultConfigurationIsVisible = 0;
			defaultConfigurationName = Release;
		};
		142BC0E22A0093F00053A6D4 /* Build configuration list for PBXNativeTarget "FilmApp" */ = {
			isa = XCConfigurationList;
			buildConfigurations = (
				142BC0E32A0093F00053A6D4 /* Debug */,
				142BC0E42A0093F00053A6D4 /* Release */,
			);
			defaultConfigurationIsVisible = 0;
			defaultConfigurationName = Release;
		};
/* End XCConfigurationList section */
	};
	rootObject = 142BC0CC2A0093EF0053A6D4 /* Project object */;
}
